
Microsoft Visual Studio Solution File, Format Version 12.00
# Visual Studio 15
VisualStudioVersion = 15.0.28307.168
MinimumVisualStudioVersion = 10.0.40219.1
Project("{FAE04EC0-301F-11D3-BF4B-00C04F79EFBC}") = "azurefilestoragedpm", "azurefilestoragedpm\azurefilestoragedpm.csproj", "{8790EFBE-883D-462C-AADD-343B2C6E0E2B}"
EndProject
Global
	GlobalSection(SolutionConfigurationPlatforms) = preSolution
		Debug|Any CPU = Debug|Any CPU
		Release|Any CPU = Release|Any CPU
	EndGlobalSection
	GlobalSection(ProjectConfigurationPlatforms) = postSolution
		{8790EFBE-883D-462C-AADD-343B2C6E0E2B}.Debug|Any CPU.ActiveCfg = Debug|Any CPU
		{8790EFBE-883D-462C-AADD-343B2C6E0E2B}.Debug|Any CPU.Build.0 = Debug|Any CPU
		{8790EFBE-883D-462C-AADD-343B2C6E0E2B}.Release|Any CPU.ActiveCfg = Release|Any CPU
		{8790EFBE-883D-462C-AADD-343B2C6E0E2B}.Release|Any CPU.Build.0 = Release|Any CPU
	EndGlobalSection
	GlobalSection(SolutionProperties) = preSolution
		HideSolutionNode = FALSE
	EndGlobalSection
	GlobalSection(ExtensibilityGlobals) = postSolution
		SolutionGuid = {EE1D002A-BE5C-4996-8AF2-246122F596EB}
	EndGlobalSection
EndGlobal
